
Microsoft Visual Studio Solution File, Format Version 12.00
# Visual Studio Version 17
VisualStudioVersion = 17.14.36202.13
MinimumVisualStudioVersion = 10.0.40219.1
Project("{FAE04EC0-301F-11D3-BF4B-00C04F79EFBC}") = "NuGetInspectorApp", "NuGetInspectorApp\NuGetInspectorApp.csproj", "{935B8DFD-9519-4089-B605-52D0596AC623}"
EndProject
Project("{FAE04EC0-301F-11D3-BF4B-00C04F79EFBC}") = "NuGetInspectorApp.Tests", "NuGetInspectorApp.Tests\NuGetInspectorApp.Tests.csproj", "{E8B4C8F1-2F3A-4D5E-8A9B-1C7D6E4F9A2B}"
EndProject
Global
	GlobalSection(SolutionConfigurationPlatforms) = preSolution
		Debug|Any CPU = Debug|Any CPU
		Release|Any CPU = Release|Any CPU
	EndGlobalSection
	GlobalSection(ProjectConfigurationPlatforms) = postSolution
		{935B8DFD-9519-4089-B605-52D0596AC623}.Debug|Any CPU.ActiveCfg = Debug|Any CPU
		{935B8DFD-9519-4089-B605-52D0596AC623}.Debug|Any CPU.Build.0 = Debug|Any CPU
		{935B8DFD-9519-4089-B605-52D0596AC623}.Release|Any CPU.ActiveCfg = Release|Any CPU
		{935B8DFD-9519-4089-B605-52D0596AC623}.Release|Any CPU.Build.0 = Release|Any CPU
		{E8B4C8F1-2F3A-4D5E-8A9B-1C7D6E4F9A2B}.Debug|Any CPU.ActiveCfg = Debug|Any CPU
		{E8B4C8F1-2F3A-4D5E-8A9B-1C7D6E4F9A2B}.Debug|Any CPU.Build.0 = Debug|Any CPU
		{E8B4C8F1-2F3A-4D5E-8A9B-1C7D6E4F9A2B}.Release|Any CPU.ActiveCfg = Release|Any CPU
		{E8B4C8F1-2F3A-4D5E-8A9B-1C7D6E4F9A2B}.Release|Any CPU.Build.0 = Release|Any CPU
	EndGlobalSection
	GlobalSection(SolutionProperties) = preSolution
		HideSolutionNode = FALSE
	EndGlobalSection
	GlobalSection(ExtensibilityGlobals) = postSolution
		        SolutionGuid = {9C99C6ED-84F9-42AA-A5F7-4F8C29DBE249}
	EndGlobalSection
EndGlobal
